
Microsoft Visual Studio Solution File, Format Version 12.00
# Visual Studio Version 17
VisualStudioVersion = 17.0.32126.317
MinimumVisualStudioVersion = 10.0.40219.1
Project("{FAE04EC0-301F-11D3-BF4B-00C04F79EFBC}") = "day11", "day11.csproj", "{A2EAE912-5009-43C6-AE75-12F55CAF43C4}"
EndProject
Global
	GlobalSection(SolutionConfigurationPlatforms) = preSolution
		Debug|Any CPU = Debug|Any CPU
		Release|Any CPU = Release|Any CPU
	EndGlobalSection
	GlobalSection(ProjectConfigurationPlatforms) = postSolution
		{A2EAE912-5009-43C6-AE75-12F55CAF43C4}.Debug|Any CPU.ActiveCfg = Debug|Any CPU
		{A2EAE912-5009-43C6-AE75-12F55CAF43C4}.Debug|Any CPU.Build.0 = Debug|Any CPU
		{A2EAE912-5009-43C6-AE75-12F55CAF43C4}.Release|Any CPU.ActiveCfg = Release|Any CPU
		{A2EAE912-5009-43C6-AE75-12F55CAF43C4}.Release|Any CPU.Build.0 = Release|Any CPU
	EndGlobalSection
	GlobalSection(SolutionProperties) = preSolution
		HideSolutionNode = FALSE
	EndGlobalSection
	GlobalSection(ExtensibilityGlobals) = postSolution
		SolutionGuid = {4DBC8952-58CB-41A2-A436-1BDC71FFC569}
	EndGlobalSection
EndGlobal
