
Microsoft Visual Studio Solution File, Format Version 12.00
# Visual Studio Version 17
VisualStudioVersion = 17.0.32126.317
MinimumVisualStudioVersion = 10.0.40219.1
Project("{FAE04EC0-301F-11D3-BF4B-00C04F79EFBC}") = "day7", "day7.csproj", "{93BDABD4-DBF6-4039-881C-AEAB2621BAD7}"
EndProject
Global
	GlobalSection(SolutionConfigurationPlatforms) = preSolution
		Debug|Any CPU = Debug|Any CPU
		Release|Any CPU = Release|Any CPU
	EndGlobalSection
	GlobalSection(ProjectConfigurationPlatforms) = postSolution
		{93BDABD4-DBF6-4039-881C-AEAB2621BAD7}.Debug|Any CPU.ActiveCfg = Debug|Any CPU
		{93BDABD4-DBF6-4039-881C-AEAB2621BAD7}.Debug|Any CPU.Build.0 = Debug|Any CPU
		{93BDABD4-DBF6-4039-881C-AEAB2621BAD7}.Release|Any CPU.ActiveCfg = Release|Any CPU
		{93BDABD4-DBF6-4039-881C-AEAB2621BAD7}.Release|Any CPU.Build.0 = Release|Any CPU
	EndGlobalSection
	GlobalSection(SolutionProperties) = preSolution
		HideSolutionNode = FALSE
	EndGlobalSection
	GlobalSection(ExtensibilityGlobals) = postSolution
		SolutionGuid = {51D9DD1B-A03D-4065-AADE-C63CFD47F4C0}
	EndGlobalSection
EndGlobal
