
Microsoft Visual Studio Solution File, Format Version 12.00
# Visual Studio Version 17
VisualStudioVersion = 17.0.32126.317
MinimumVisualStudioVersion = 10.0.40219.1
Project("{FAE04EC0-301F-11D3-BF4B-00C04F79EFBC}") = "day12", "day12.csproj", "{732A4070-613B-4A71-AB8F-EF11494A93CD}"
EndProject
Global
	GlobalSection(SolutionConfigurationPlatforms) = preSolution
		Debug|Any CPU = Debug|Any CPU
		Release|Any CPU = Release|Any CPU
	EndGlobalSection
	GlobalSection(ProjectConfigurationPlatforms) = postSolution
		{732A4070-613B-4A71-AB8F-EF11494A93CD}.Debug|Any CPU.ActiveCfg = Debug|Any CPU
		{732A4070-613B-4A71-AB8F-EF11494A93CD}.Debug|Any CPU.Build.0 = Debug|Any CPU
		{732A4070-613B-4A71-AB8F-EF11494A93CD}.Release|Any CPU.ActiveCfg = Release|Any CPU
		{732A4070-613B-4A71-AB8F-EF11494A93CD}.Release|Any CPU.Build.0 = Release|Any CPU
	EndGlobalSection
	GlobalSection(SolutionProperties) = preSolution
		HideSolutionNode = FALSE
	EndGlobalSection
	GlobalSection(ExtensibilityGlobals) = postSolution
		SolutionGuid = {B898A57B-734F-4B91-BAF8-E6023E29E768}
	EndGlobalSection
EndGlobal
